
Microsoft Visual Studio Solution File, Format Version 12.00
# Visual Studio Version 17
VisualStudioVersion = 17.0.32112.339
MinimumVisualStudioVersion = 10.0.40219.1
Project("{9A19103F-16F7-4668-BE54-9A1E7A4F7556}") = "InternShip.VideoArchive.Contracts", "InternShip.VideoArchive.Contracts\InternShip.VideoArchive.Contracts.csproj", "{C072C98A-EFD7-4138-8860-499337E5B980}"
EndProject
Project("{9A19103F-16F7-4668-BE54-9A1E7A4F7556}") = "InternShip.VideoArchive.Implementations", "..\InternShip.VideoArchive.Implementations\InternShip.VideoArchive.Implementations.csproj", "{FE054E44-8630-43BC-8F19-0EBD839C3743}"
EndProject
Project("{9A19103F-16F7-4668-BE54-9A1E7A4F7556}") = "InternShip.VideoArchive.Tests", "..\InternShip.VideoArchive.Tests\InternShip.VideoArchive.Tests.csproj", "{A7C29A0F-7590-4CA6-BCCD-D7161E26F881}"
EndProject
Global
	GlobalSection(SolutionConfigurationPlatforms) = preSolution
		Debug|Any CPU = Debug|Any CPU
		Release|Any CPU = Release|Any CPU
	EndGlobalSection
	GlobalSection(ProjectConfigurationPlatforms) = postSolution
		{C072C98A-EFD7-4138-8860-499337E5B980}.Debug|Any CPU.ActiveCfg = Debug|Any CPU
		{C072C98A-EFD7-4138-8860-499337E5B980}.Debug|Any CPU.Build.0 = Debug|Any CPU
		{C072C98A-EFD7-4138-8860-499337E5B980}.Release|Any CPU.ActiveCfg = Release|Any CPU
		{C072C98A-EFD7-4138-8860-499337E5B980}.Release|Any CPU.Build.0 = Release|Any CPU
		{FE054E44-8630-43BC-8F19-0EBD839C3743}.Debug|Any CPU.ActiveCfg = Debug|Any CPU
		{FE054E44-8630-43BC-8F19-0EBD839C3743}.Debug|Any CPU.Build.0 = Debug|Any CPU
		{FE054E44-8630-43BC-8F19-0EBD839C3743}.Release|Any CPU.ActiveCfg = Release|Any CPU
		{FE054E44-8630-43BC-8F19-0EBD839C3743}.Release|Any CPU.Build.0 = Release|Any CPU
		{A7C29A0F-7590-4CA6-BCCD-D7161E26F881}.Debug|Any CPU.ActiveCfg = Debug|Any CPU
		{A7C29A0F-7590-4CA6-BCCD-D7161E26F881}.Debug|Any CPU.Build.0 = Debug|Any CPU
		{A7C29A0F-7590-4CA6-BCCD-D7161E26F881}.Release|Any CPU.ActiveCfg = Release|Any CPU
		{A7C29A0F-7590-4CA6-BCCD-D7161E26F881}.Release|Any CPU.Build.0 = Release|Any CPU
	EndGlobalSection
	GlobalSection(SolutionProperties) = preSolution
		HideSolutionNode = FALSE
	EndGlobalSection
	GlobalSection(ExtensibilityGlobals) = postSolution
		SolutionGuid = {13CC124D-7298-4498-9F6F-47A467546CE6}
	EndGlobalSection
EndGlobal
